<?xml version="1.0" encoding="utf-8"?>
<Project ToolsVersion="4.0" xmlns="http://schemas.microsoft.com/developer/msbuild/2003">
  <ItemGroup>
    <Filter Include="源文件">
      <UniqueIdentifier>{4FC737F1-C7A5-4376-A066-2A32D752A2FF}</UniqueIdentifier>
      <Extensions>cpp;c;cc;cxx;def;odl;idl;hpj;bat;asm;asmx</Extensions>
    </Filter>
    <Filter Include="头文件">
      <UniqueIdentifier>{93995380-89BD-4b04-88EB-625FBE52EBFB}</UniqueIdentifier>
      <Extensions>h;hh;hpp;hxx;hm;inl;inc;ipp;xsd</Extensions>
    </Filter>
    <Filter Include="资源文件">
      <UniqueIdentifier>{67DA6AB6-F800-4c08-8B7A-83BB121AAD01}</UniqueIdentifier>
      <Extensions>rc;ico;cur;bmp;dlg;rc2;rct;bin;rgs;gif;jpg;jpeg;jpe;resx;tiff;tif;png;wav;mfcribbon-ms</Extensions>
    </Filter>
  </ItemGroup>
  <ItemGroup>
    <ClCompile Include="src\Main.cpp">
      <Filter>源文件</Filter>
    </ClCompile>
    <ClCompile Include="src\Core\VertexBuffer.cpp">
      <Filter>源文件</Filter>
    </ClCompile>
    <ClCompile Include="src\ThirdParty\stb_image.cpp">
      <Filter>源文件</Filter>
    </ClCompile>
    <ClCompile Include="src\ReadFile\Model.cpp">
      <Filter>源文件</Filter>
    </ClCompile>
    <ClCompile Include="src\Core\IndexBuffer.cpp">
      <Filter>源文件</Filter>
    </ClCompile>
    <ClCompile Include="src\Core\ShaderSource.cpp">
      <Filter>源文件</Filter>
    </ClCompile>
    <ClCompile Include="src\Object\Shader.cpp">
      <Filter>源文件</Filter>
    </ClCompile>
    <ClCompile Include="src\Object\Program.cpp">
      <Filter>源文件</Filter>
    </ClCompile>
    <ClCompile Include="src\Object\Image.cpp">
      <Filter>源文件</Filter>
    </ClCompile>
    <ClCompile Include="src\Object\Texture2D.cpp">
      <Filter>源文件</Filter>
    </ClCompile>
    <ClCompile Include="src\Object\State.cpp">
      <Filter>源文件</Filter>
    </ClCompile>
    <ClCompile Include="src\Object\Material.cpp">
      <Filter>源文件</Filter>
    </ClCompile>
    <ClCompile Include="src\Object\Light.cpp">
      <Filter>源文件</Filter>
    </ClCompile>
    <ClCompile Include="src\Object\DrawElements.cpp">
      <Filter>源文件</Filter>
    </ClCompile>
    <ClCompile Include="src\Object\DrawArrays.cpp">
      <Filter>源文件</Filter>
    </ClCompile>
    <ClCompile Include="src\Core\Texture2DSource.cpp">
      <Filter>源文件</Filter>
    </ClCompile>
    <ClCompile Include="src\Core\Renderer.cpp">
      <Filter>源文件</Filter>
    </ClCompile>
    <ClCompile Include="src\Core\DrawingCall.cpp">
      <Filter>源文件</Filter>
    </ClCompile>
    <ClCompile Include="src\Core\UniformList.cpp">
      <Filter>源文件</Filter>
    </ClCompile>
    <ClCompile Include="src\Window\Window.cpp">
      <Filter>源文件</Filter>
    </ClCompile>
    <ClCompile Include="src\Object\Group.cpp">
      <Filter>源文件</Filter>
    </ClCompile>
    <ClCompile Include="src\Object\Mesh.cpp">
      <Filter>源文件</Filter>
    </ClCompile>
    <ClCompile Include="src\Object\Cube.cpp">
      <Filter>源文件</Filter>
    </ClCompile>
    <ClCompile Include="src\Core\NodeVisitor.cpp">
      <Filter>源文件</Filter>
    </ClCompile>
    <ClCompile Include="src\Object\Transform.cpp">
      <Filter>源文件</Filter>
    </ClCompile>
    <ClCompile Include="src\Core\PerspectiveCamera.cpp">
      <Filter>源文件</Filter>
    </ClCompile>
    <ClCompile Include="src\Core\StateVisitor.cpp">
      <Filter>源文件</Filter>
    </ClCompile>
    <ClCompile Include="src\Core\OrthoCamera.cpp">
      <Filter>源文件</Filter>
    </ClCompile>
  </ItemGroup>
  <ItemGroup>
    <None Include="packages.config" />
  </ItemGroup>
  <ItemGroup>
    <ClInclude Include="src\Core\Buffer.h">
      <Filter>头文件</Filter>
    </ClInclude>
    <ClInclude Include="src\Core\VertexBuffer.h">
      <Filter>头文件</Filter>
    </ClInclude>
    <ClInclude Include="src\Math\Math.h">
      <Filter>头文件</Filter>
    </ClInclude>
    <ClInclude Include="src\Math\Vec2f.h">
      <Filter>头文件</Filter>
    </ClInclude>
    <ClInclude Include="src\Math\Vec2d.h">
      <Filter>头文件</Filter>
    </ClInclude>
    <ClInclude Include="src\Math\Vec3f.h">
      <Filter>头文件</Filter>
    </ClInclude>
    <ClInclude Include="src\Math\Vec3d.h">
      <Filter>头文件</Filter>
    </ClInclude>
    <ClInclude Include="src\Math\Vec4f.h">
      <Filter>头文件</Filter>
    </ClInclude>
    <ClInclude Include="src\Math\Vec4d.h">
      <Filter>头文件</Filter>
    </ClInclude>
    <ClInclude Include="src\Math\Matrixf.h">
      <Filter>头文件</Filter>
    </ClInclude>
    <ClInclude Include="src\Math\Matrixd.h">
      <Filter>头文件</Filter>
    </ClInclude>
    <ClInclude Include="src\Core\IndexBuffer.h">
      <Filter>头文件</Filter>
    </ClInclude>
    <ClInclude Include="src\Core\VertexArray.h">
      <Filter>头文件</Filter>
    </ClInclude>
    <ClInclude Include="src\ThirdParty\stb_image.h">
      <Filter>头文件</Filter>
    </ClInclude>
    <ClInclude Include="src\ReadFile\Model.h">
      <Filter>头文件</Filter>
    </ClInclude>
    <ClInclude Include="src\Core\ShaderSource.h">
      <Filter>头文件</Filter>
    </ClInclude>
    <ClInclude Include="src\Core\ContextObject.h">
      <Filter>头文件</Filter>
    </ClInclude>
    <ClInclude Include="src\Core\Visitor.h">
      <Filter>头文件</Filter>
    </ClInclude>
    <ClInclude Include="src\Object\Shader.h">
      <Filter>头文件</Filter>
    </ClInclude>
    <ClInclude Include="src\Object\Program.h">
      <Filter>头文件</Filter>
    </ClInclude>
    <ClInclude Include="src\Object\Image.h">
      <Filter>头文件</Filter>
    </ClInclude>
    <ClInclude Include="src\Object\Texture.h">
      <Filter>头文件</Filter>
    </ClInclude>
    <ClInclude Include="src\Object\Texture2D.h">
      <Filter>头文件</Filter>
    </ClInclude>
    <ClInclude Include="src\Object\Uniform.h">
      <Filter>头文件</Filter>
    </ClInclude>
    <ClInclude Include="src\Object\State.h">
      <Filter>头文件</Filter>
    </ClInclude>
    <ClInclude Include="src\Object\Material.h">
      <Filter>头文件</Filter>
    </ClInclude>
    <ClInclude Include="src\Object\Light.h">
      <Filter>头文件</Filter>
    </ClInclude>
    <ClInclude Include="src\Object\DrawingSet.h">
      <Filter>头文件</Filter>
    </ClInclude>
    <ClInclude Include="src\Object\DrawElements.h">
      <Filter>头文件</Filter>
    </ClInclude>
    <ClInclude Include="src\Object\DrawArrays.h">
      <Filter>头文件</Filter>
    </ClInclude>
    <ClInclude Include="src\Core\Texture2DSource.h">
      <Filter>头文件</Filter>
    </ClInclude>
    <ClInclude Include="src\Core\Renderer.h">
      <Filter>头文件</Filter>
    </ClInclude>
    <ClInclude Include="src\Core\RenderingUnit.h">
      <Filter>头文件</Filter>
    </ClInclude>
    <ClInclude Include="src\Core\DrawingCall.h">
      <Filter>头文件</Filter>
    </ClInclude>
    <ClInclude Include="src\Core\UniformList.h">
      <Filter>头文件</Filter>
    </ClInclude>
    <ClInclude Include="src\Window\Window.h">
      <Filter>头文件</Filter>
    </ClInclude>
    <ClInclude Include="src\Object\Node.h">
      <Filter>头文件</Filter>
    </ClInclude>
    <ClInclude Include="src\Object\Group.h">
      <Filter>头文件</Filter>
    </ClInclude>
    <ClInclude Include="src\Object\Leaf.h">
      <Filter>头文件</Filter>
    </ClInclude>
    <ClInclude Include="src\Object\Transform.h">
      <Filter>头文件</Filter>
    </ClInclude>
    <ClInclude Include="src\Object\Cube.h">
      <Filter>头文件</Filter>
    </ClInclude>
    <ClInclude Include="src\Object\Mesh.h">
      <Filter>头文件</Filter>
    </ClInclude>
    <ClInclude Include="src\Core\NodeVisitor.h">
      <Filter>头文件</Filter>
    </ClInclude>
    <ClInclude Include="src\Core\PerspectiveCamera.h">
      <Filter>头文件</Filter>
    </ClInclude>
    <ClInclude Include="src\Math\EulerAnglesd.h">
      <Filter>头文件</Filter>
    </ClInclude>
    <ClInclude Include="src\Math\EulerAnglesf.h">
      <Filter>头文件</Filter>
    </ClInclude>
    <ClInclude Include="src\Math\BoundingBoxd.h">
      <Filter>头文件</Filter>
    </ClInclude>
    <ClInclude Include="src\Math\BoundingBoxf.h">
      <Filter>头文件</Filter>
    </ClInclude>
    <ClInclude Include="src\Math\Planef.h">
      <Filter>头文件</Filter>
    </ClInclude>
    <ClInclude Include="src\Math\Planed.h">
      <Filter>头文件</Filter>
    </ClInclude>
    <ClInclude Include="src\Core\Interviewee.h">
      <Filter>头文件</Filter>
    </ClInclude>
    <ClInclude Include="src\Object\Viewport.h">
      <Filter>头文件</Filter>
    </ClInclude>
    <ClInclude Include="src\Core\BaseObject.h">
      <Filter>头文件</Filter>
    </ClInclude>
    <ClInclude Include="src\Core\Frustum.h">
      <Filter>头文件</Filter>
    </ClInclude>
    <ClInclude Include="src\Core\StateVisitor.h">
      <Filter>头文件</Filter>
    </ClInclude>
    <ClInclude Include="src\Core\OrthoCamera.h">
      <Filter>头文件</Filter>
    </ClInclude>
  </ItemGroup>
</Project>