<?xml version="1.0" encoding="utf-8"?>
<Project ToolsVersion="4.0" xmlns="http://schemas.microsoft.com/developer/msbuild/2003">
  <ItemGroup>
    <Filter Include="源文件">
      <UniqueIdentifier>{4FC737F1-C7A5-4376-A066-2A32D752A2FF}</UniqueIdentifier>
      <Extensions>cpp;c;cc;cxx;def;odl;idl;hpj;bat;asm;asmx</Extensions>
    </Filter>
    <Filter Include="头文件">
      <UniqueIdentifier>{93995380-89BD-4b04-88EB-625FBE52EBFB}</UniqueIdentifier>
      <Extensions>h;hh;hpp;hxx;hm;inl;inc;ipp;xsd</Extensions>
    </Filter>
    <Filter Include="资源文件">
      <UniqueIdentifier>{67DA6AB6-F800-4c08-8B7A-83BB121AAD01}</UniqueIdentifier>
      <Extensions>rc;ico;cur;bmp;dlg;rc2;rct;bin;rgs;gif;jpg;jpeg;jpe;resx;tiff;tif;png;wav;mfcribbon-ms</Extensions>
    </Filter>
  </ItemGroup>
  <ItemGroup>
    <ClCompile Include="src\Main.cpp">
      <Filter>源文件</Filter>
    </ClCompile>
    <ClCompile Include="src\Core\VertexBuffer.cpp">
      <Filter>源文件</Filter>
    </ClCompile>
    <ClCompile Include="src\Core\Shader.cpp">
      <Filter>源文件</Filter>
    </ClCompile>
    <ClCompile Include="src\Core\DrawArrays.cpp">
      <Filter>源文件</Filter>
    </ClCompile>
    <ClCompile Include="src\Core\DrawElements.cpp">
      <Filter>源文件</Filter>
    </ClCompile>
    <ClCompile Include="src\Core\Texture2D.cpp">
      <Filter>源文件</Filter>
    </ClCompile>
    <ClCompile Include="src\Core\Image.cpp">
      <Filter>源文件</Filter>
    </ClCompile>
    <ClCompile Include="src\ThirdParty\stb_image.cpp">
      <Filter>源文件</Filter>
    </ClCompile>
    <ClCompile Include="src\Scene\FPSCamera.cpp">
      <Filter>源文件</Filter>
    </ClCompile>
  </ItemGroup>
  <ItemGroup>
    <None Include="packages.config" />
  </ItemGroup>
  <ItemGroup>
    <ClInclude Include="src\Core\GLObject.h">
      <Filter>头文件</Filter>
    </ClInclude>
    <ClInclude Include="src\Core\Buffer.h">
      <Filter>头文件</Filter>
    </ClInclude>
    <ClInclude Include="src\Core\VertexBuffer.h">
      <Filter>头文件</Filter>
    </ClInclude>
    <ClInclude Include="src\Math\Math.h">
      <Filter>头文件</Filter>
    </ClInclude>
    <ClInclude Include="src\Core\VertexAttribute.h">
      <Filter>头文件</Filter>
    </ClInclude>
    <ClInclude Include="src\Math\Vec2f.h">
      <Filter>头文件</Filter>
    </ClInclude>
    <ClInclude Include="src\Math\Vec2d.h">
      <Filter>头文件</Filter>
    </ClInclude>
    <ClInclude Include="src\Math\Vec3f.h">
      <Filter>头文件</Filter>
    </ClInclude>
    <ClInclude Include="src\Math\Vec3d.h">
      <Filter>头文件</Filter>
    </ClInclude>
    <ClInclude Include="src\Math\Vec4f.h">
      <Filter>头文件</Filter>
    </ClInclude>
    <ClInclude Include="src\Math\Vec4d.h">
      <Filter>头文件</Filter>
    </ClInclude>
    <ClInclude Include="src\Math\Matrixf.h">
      <Filter>头文件</Filter>
    </ClInclude>
    <ClInclude Include="src\Math\Matrixd.h">
      <Filter>头文件</Filter>
    </ClInclude>
    <ClInclude Include="src\Core\IndexBuffer.h">
      <Filter>头文件</Filter>
    </ClInclude>
    <ClInclude Include="src\Core\Shader.h">
      <Filter>头文件</Filter>
    </ClInclude>
    <ClInclude Include="src\Math\EulerAngles.h">
      <Filter>头文件</Filter>
    </ClInclude>
    <ClInclude Include="src\Math\Quat.h">
      <Filter>头文件</Filter>
    </ClInclude>
    <ClInclude Include="src\Core\VertexArray.h">
      <Filter>头文件</Filter>
    </ClInclude>
    <ClInclude Include="src\Core\DrawCallSet.h">
      <Filter>头文件</Filter>
    </ClInclude>
    <ClInclude Include="src\Core\DrawArrays.h">
      <Filter>头文件</Filter>
    </ClInclude>
    <ClInclude Include="src\Core\DrawElements.h">
      <Filter>头文件</Filter>
    </ClInclude>
    <ClInclude Include="src\Core\Texture.h">
      <Filter>头文件</Filter>
    </ClInclude>
    <ClInclude Include="src\Core\Texture2D.h">
      <Filter>头文件</Filter>
    </ClInclude>
    <ClInclude Include="src\Core\Image.h">
      <Filter>头文件</Filter>
    </ClInclude>
    <ClInclude Include="src\ThirdParty\stb_image.h">
      <Filter>头文件</Filter>
    </ClInclude>
    <ClInclude Include="src\Core\Header.h">
      <Filter>头文件</Filter>
    </ClInclude>
    <ClInclude Include="src\Scene\FPSCamera.h">
      <Filter>头文件</Filter>
    </ClInclude>
  </ItemGroup>
</Project>